<?xml version="1.0" encoding="utf-8"?>
<Project ToolsVersion="4.0" xmlns="http://schemas.microsoft.com/developer/msbuild/2003">
  <ItemGroup>
    <Filter Include="Source Files">
      <UniqueIdentifier>{4FC737F1-C7A5-4376-A066-2A32D752A2FF}</UniqueIdentifier>
      <Extensions>cpp;c;cc;cxx;def;odl;idl;hpj;bat;asm;asmx</Extensions>
    </Filter>
    <Filter Include="Header Files">
      <UniqueIdentifier>{93995380-89BD-4b04-88EB-625FBE52EBFB}</UniqueIdentifier>
      <Extensions>h;hh;hpp;hxx;hm;inl;inc;xsd</Extensions>
    </Filter>
    <Filter Include="Resource Files">
      <UniqueIdentifier>{67DA6AB6-F800-4c08-8B7A-83BB121AAD01}</UniqueIdentifier>
      <Extensions>rc;ico;cur;bmp;dlg;rc2;rct;bin;rgs;gif;jpg;jpeg;jpe;resx;tiff;tif;png;wav;mfcribbon-ms</Extensions>
    </Filter>
    <Filter Include="FreeType">
      <UniqueIdentifier>{08a6523b-4dc7-4265-905d-3fd152badee4}</UniqueIdentifier>
    </Filter>
  </ItemGroup>
  <ItemGroup>
    <ClInclude Include="Cube.h">
      <Filter>Header Files</Filter>
    </ClInclude>
    <ClInclude Include="Shape.h">
      <Filter>Header Files</Filter>
    </ClInclude>
    <ClInclude Include="Algebra.h">
      <Filter>Header Files</Filter>
    </ClInclude>
    <ClInclude Include="Camera.h">
      <Filter>Header Files</Filter>
    </ClInclude>
    <ClInclude Include="Plane.h">
      <Filter>Header Files</Filter>
    </ClInclude>
    <ClInclude Include="Player.h">
      <Filter>Header Files</Filter>
    </ClInclude>
    <ClInclude Include="Laser.h">
      <Filter>Header Files</Filter>
    </ClInclude>
    <ClInclude Include="LaserControl.h">
      <Filter>Header Files</Filter>
    </ClInclude>
    <ClInclude Include="Alien.h">
      <Filter>Header Files</Filter>
    </ClInclude>
    <ClInclude Include="AlienZero.h">
      <Filter>Header Files</Filter>
    </ClInclude>
    <ClInclude Include="AlienOne.h">
      <Filter>Header Files</Filter>
    </ClInclude>
    <ClInclude Include="AlienTwo.h">
      <Filter>Header Files</Filter>
    </ClInclude>
    <ClInclude Include="AlienControl.h">
      <Filter>Header Files</Filter>
    </ClInclude>
    <ClInclude Include="AlienThree.h">
      <Filter>Header Files</Filter>
    </ClInclude>
    <ClInclude Include="GameControl.h">
      <Filter>Header Files</Filter>
    </ClInclude>
    <ClInclude Include="Barrier.h">
      <Filter>Header Files</Filter>
    </ClInclude>
    <ClInclude Include="Stats.h">
      <Filter>Header Files</Filter>
    </ClInclude>
    <ClInclude Include="freetype\base\basepic.h">
      <Filter>FreeType</Filter>
    </ClInclude>
    <ClInclude Include="freetype\base\ftbase.h">
      <Filter>FreeType</Filter>
    </ClInclude>
    <ClInclude Include="freetype\base\md5.h">
      <Filter>FreeType</Filter>
    </ClInclude>
  </ItemGroup>
  <ItemGroup>
    <ClCompile Include="SpaceInvaders.cpp">
      <Filter>Source Files</Filter>
    </ClCompile>
    <ClCompile Include="Camera.cpp">
      <Filter>Source Files</Filter>
    </ClCompile>
    <ClCompile Include="freetype\base\basepic.c">
      <Filter>FreeType</Filter>
    </ClCompile>
    <ClCompile Include="freetype\base\ftadvanc.c">
      <Filter>FreeType</Filter>
    </ClCompile>
    <ClCompile Include="freetype\base\ftapi.c">
      <Filter>FreeType</Filter>
    </ClCompile>
    <ClCompile Include="freetype\base\ftbase.c">
      <Filter>FreeType</Filter>
    </ClCompile>
    <ClCompile Include="freetype\base\ftbbox.c">
      <Filter>FreeType</Filter>
    </ClCompile>
    <ClCompile Include="freetype\base\ftbdf.c">
      <Filter>FreeType</Filter>
    </ClCompile>
    <ClCompile Include="freetype\base\ftbitmap.c">
      <Filter>FreeType</Filter>
    </ClCompile>
    <ClCompile Include="freetype\base\ftcalc.c">
      <Filter>FreeType</Filter>
    </ClCompile>
    <ClCompile Include="freetype\base\ftcid.c">
      <Filter>FreeType</Filter>
    </ClCompile>
    <ClCompile Include="freetype\base\ftdbgmem.c">
      <Filter>FreeType</Filter>
    </ClCompile>
    <ClCompile Include="freetype\base\ftdebug.c">
      <Filter>FreeType</Filter>
    </ClCompile>
    <ClCompile Include="freetype\base\ftfntfmt.c">
      <Filter>FreeType</Filter>
    </ClCompile>
    <ClCompile Include="freetype\base\ftfstype.c">
      <Filter>FreeType</Filter>
    </ClCompile>
    <ClCompile Include="freetype\base\ftgasp.c">
      <Filter>FreeType</Filter>
    </ClCompile>
    <ClCompile Include="freetype\base\ftgloadr.c">
      <Filter>FreeType</Filter>
    </ClCompile>
    <ClCompile Include="freetype\base\ftglyph.c">
      <Filter>FreeType</Filter>
    </ClCompile>
    <ClCompile Include="freetype\base\ftgxval.c">
      <Filter>FreeType</Filter>
    </ClCompile>
    <ClCompile Include="freetype\base\fthash.c">
      <Filter>FreeType</Filter>
    </ClCompile>
    <ClCompile Include="freetype\base\ftinit.c">
      <Filter>FreeType</Filter>
    </ClCompile>
    <ClCompile Include="freetype\base\ftlcdfil.c">
      <Filter>FreeType</Filter>
    </ClCompile>
    <ClCompile Include="freetype\base\ftmac.c">
      <Filter>FreeType</Filter>
    </ClCompile>
    <ClCompile Include="freetype\base\ftmm.c">
      <Filter>FreeType</Filter>
    </ClCompile>
    <ClCompile Include="freetype\base\ftobjs.c">
      <Filter>FreeType</Filter>
    </ClCompile>
    <ClCompile Include="freetype\base\ftotval.c">
      <Filter>FreeType</Filter>
    </ClCompile>
    <ClCompile Include="freetype\base\ftoutln.c">
      <Filter>FreeType</Filter>
    </ClCompile>
    <ClCompile Include="freetype\base\ftpatent.c">
      <Filter>FreeType</Filter>
    </ClCompile>
    <ClCompile Include="freetype\base\ftpfr.c">
      <Filter>FreeType</Filter>
    </ClCompile>
    <ClCompile Include="freetype\base\ftpic.c">
      <Filter>FreeType</Filter>
    </ClCompile>
    <ClCompile Include="freetype\base\ftpsprop.c">
      <Filter>FreeType</Filter>
    </ClCompile>
    <ClCompile Include="freetype\base\ftrfork.c">
      <Filter>FreeType</Filter>
    </ClCompile>
    <ClCompile Include="freetype\base\ftsnames.c">
      <Filter>FreeType</Filter>
    </ClCompile>
    <ClCompile Include="freetype\base\ftstream.c">
      <Filter>FreeType</Filter>
    </ClCompile>
    <ClCompile Include="freetype\base\ftstroke.c">
      <Filter>FreeType</Filter>
    </ClCompile>
    <ClCompile Include="freetype\base\ftsynth.c">
      <Filter>FreeType</Filter>
    </ClCompile>
    <ClCompile Include="freetype\base\ftsystem.c">
      <Filter>FreeType</Filter>
    </ClCompile>
    <ClCompile Include="freetype\base\fttrigon.c">
      <Filter>FreeType</Filter>
    </ClCompile>
    <ClCompile Include="freetype\base\fttype1.c">
      <Filter>FreeType</Filter>
    </ClCompile>
    <ClCompile Include="freetype\base\ftutil.c">
      <Filter>FreeType</Filter>
    </ClCompile>
    <ClCompile Include="freetype\base\ftwinfnt.c">
      <Filter>FreeType</Filter>
    </ClCompile>
    <ClCompile Include="freetype\base\md5.c">
      <Filter>FreeType</Filter>
    </ClCompile>
  </ItemGroup>
  <ItemGroup>
    <None Include="freetype\base\Jamfile">
      <Filter>FreeType</Filter>
    </None>
    <None Include="freetype\base\rules.mk">
      <Filter>FreeType</Filter>
    </None>
  </ItemGroup>
</Project>